
Microsoft Visual Studio Solution File, Format Version 12.00
# Visual Studio Version 17
VisualStudioVersion = 17.12.35506.116 d17.12
MinimumVisualStudioVersion = 10.0.40219.1
Project("{FAE04EC0-301F-11D3-BF4B-00C04F79EFBC}") = "VirtualZoo", "VirtualZoo.csproj", "{0A3CC7A3-4972-44D5-95E5-4482A5B18DDA}"
EndProject
Project("{FAE04EC0-301F-11D3-BF4B-00C04F79EFBC}") = "VirtualZooAPI", "..\VirtualZooAPI\VirtualZooAPI.csproj", "{DD4DF072-EBAA-40CA-95B9-DABD76B4426F}"
EndProject
Project("{FAE04EC0-301F-11D3-BF4B-00C04F79EFBC}") = "VirtualZooTests", "..\VirtualZooTests\VirtualZooTests.csproj", "{55F06762-E59B-4797-9F58-6186B13D3F84}"
EndProject
Global
	GlobalSection(SolutionConfigurationPlatforms) = preSolution
		Debug|Any CPU = Debug|Any CPU
		Release|Any CPU = Release|Any CPU
	EndGlobalSection
	GlobalSection(ProjectConfigurationPlatforms) = postSolution
		{0A3CC7A3-4972-44D5-95E5-4482A5B18DDA}.Debug|Any CPU.ActiveCfg = Debug|Any CPU
		{0A3CC7A3-4972-44D5-95E5-4482A5B18DDA}.Debug|Any CPU.Build.0 = Debug|Any CPU
		{0A3CC7A3-4972-44D5-95E5-4482A5B18DDA}.Release|Any CPU.ActiveCfg = Release|Any CPU
		{0A3CC7A3-4972-44D5-95E5-4482A5B18DDA}.Release|Any CPU.Build.0 = Release|Any CPU
		{DD4DF072-EBAA-40CA-95B9-DABD76B4426F}.Debug|Any CPU.ActiveCfg = Debug|Any CPU
		{DD4DF072-EBAA-40CA-95B9-DABD76B4426F}.Debug|Any CPU.Build.0 = Debug|Any CPU
		{DD4DF072-EBAA-40CA-95B9-DABD76B4426F}.Release|Any CPU.ActiveCfg = Release|Any CPU
		{DD4DF072-EBAA-40CA-95B9-DABD76B4426F}.Release|Any CPU.Build.0 = Release|Any CPU
		{55F06762-E59B-4797-9F58-6186B13D3F84}.Debug|Any CPU.ActiveCfg = Debug|Any CPU
		{55F06762-E59B-4797-9F58-6186B13D3F84}.Debug|Any CPU.Build.0 = Debug|Any CPU
		{55F06762-E59B-4797-9F58-6186B13D3F84}.Release|Any CPU.ActiveCfg = Release|Any CPU
		{55F06762-E59B-4797-9F58-6186B13D3F84}.Release|Any CPU.Build.0 = Release|Any CPU
	EndGlobalSection
	GlobalSection(SolutionProperties) = preSolution
		HideSolutionNode = FALSE
	EndGlobalSection
EndGlobal
